<?xml version="1.0" encoding="UTF-8"?>
<Scheme
   LastUpgradeVersion = "0510"
   version = "1.3">
   <BuildAction
      parallelizeBuildables = "YES"
      buildImplicitDependencies = "YES">
      <BuildActionEntries>
         <BuildActionEntry
            buildForTesting = "YES"
            buildForRunning = "YES"
            buildForProfiling = "YES"
            buildForArchiving = "YES"
            buildForAnalyzing = "YES">
            <BuildableReference
               BuildableIdentifier = "primary"
               BlueprintIdentifier = "BCAA8D1B1BDE0188002D7024"
               BuildableName = "03-&#x5bf9;&#x8c61;&#x65b9;&#x6cd5;"
               BlueprintName = "03-&#x5bf9;&#x8c61;&#x65b9;&#x6cd5;"
               ReferencedContainer = "container:01-&#x7b2c;&#x4e00;&#x4e2a;OC&#x5de5;&#x7a0b;.xcodeproj">
            </BuildableReference>
         </BuildActionEntry>
      </BuildActionEntries>
   </BuildAction>
   <TestAction
      selectedDebuggerIdentifier = "Xcode.DebuggerFoundation.Debugger.LLDB"
      selectedLauncherIdentifier = "Xcode.DebuggerFoundation.Launcher.LLDB"
      shouldUseLaunchSchemeArgsEnv = "YES"
      buildConfiguration = "Debug">
      <Testables>
      </Testables>
      <MacroExpansion>
         <BuildableReference
            BuildableIdentifier = "primary"
            BlueprintIdentifier = "BCAA8D1B1BDE0188002D7024"
            BuildableName = "03-&#x5bf9;&#x8c61;&#x65b9;&#x6cd5;"
            BlueprintName = "03-&#x5bf9;&#x8c61;&#x65b9;&#x6cd5;"
            ReferencedContainer = "container:01-&#x7b2c;&#x4e00;&#x4e2a;OC&#x5de5;&#x7a0b;.xcodeproj">
         </BuildableReference>
      </MacroExpansion>
   </TestAction>
   <LaunchAction
      selectedDebuggerIdentifier = "Xcode.DebuggerFoundation.Debugger.LLDB"
      selectedLauncherIdentifier = "Xcode.DebuggerFoundation.Launcher.LLDB"
      launchStyle = "0"
      useCustomWorkingDirectory = "NO"
      buildConfiguration = "Debug"
      ignoresPersistentStateOnLaunch = "NO"
      debugDocumentVersioning = "YES"
      allowLocationSimulation = "YES">
      <BuildableProductRunnable>
         <BuildableReference
            BuildableIdentifier = "primary"
            BlueprintIdentifier = "BCAA8D1B1BDE0188002D7024"
            BuildableName = "03-&#x5bf9;&#x8c61;&#x65b9;&#x6cd5;"
            BlueprintName = "03-&#x5bf9;&#x8c61;&#x65b9;&#x6cd5;"
            ReferencedContainer = "container:01-&#x7b2c;&#x4e00;&#x4e2a;OC&#x5de5;&#x7a0b;.xcodeproj">
         </BuildableReference>
      </BuildableProductRunnable>
      <AdditionalOptions>
      </AdditionalOptions>
   </LaunchAction>
   <ProfileAction
      shouldUseLaunchSchemeArgsEnv = "YES"
      savedToolIdentifier = ""
      useCustomWorkingDirectory = "NO"
      buildConfiguration = "Release"
      debugDocumentVersioning = "YES">
      <BuildableProductRunnable>
         <BuildableReference
            BuildableIdentifier = "primary"
            BlueprintIdentifier = "BCAA8D1B1BDE0188002D7024"
            BuildableName = "03-&#x5bf9;&#x8c61;&#x65b9;&#x6cd5;"
            BlueprintName = "03-&#x5bf9;&#x8c61;&#x65b9;&#x6cd5;"
            ReferencedContainer = "container:01-&#x7b2c;&#x4e00;&#x4e2a;OC&#x5de5;&#x7a0b;.xcodeproj">
         </BuildableReference>
      </BuildableProductRunnable>
   </ProfileAction>
   <AnalyzeAction
      buildConfiguration = "Debug">
   </AnalyzeAction>
   <ArchiveAction
      buildConfiguration = "Release"
      revealArchiveInOrganizer = "YES">
   </ArchiveAction>
</Scheme>
