<?xml version="1.0" encoding="UTF-8"?>
<Scheme
   LastUpgradeVersion = "0600"
   version = "1.3">
   <BuildAction
      parallelizeBuildables = "YES"
      buildImplicitDependencies = "YES">
      <BuildActionEntries>
         <BuildActionEntry
            buildForTesting = "YES"
            buildForRunning = "YES"
            buildForProfiling = "YES"
            buildForArchiving = "YES"
            buildForAnalyzing = "YES">
            <BuildableReference
               BuildableIdentifier = "primary"
               BlueprintIdentifier = "BC6940981BE84B4C00E706D0"
               BuildableName = "03-&#x4e0d;&#x53ef;&#x53d8;&#x5b57;&#x5178;&#x7684;&#x5176;&#x4ed6;&#x65b9;&#x6cd5;"
               BlueprintName = "03-&#x4e0d;&#x53ef;&#x53d8;&#x5b57;&#x5178;&#x7684;&#x5176;&#x4ed6;&#x65b9;&#x6cd5;"
               ReferencedContainer = "container:01-&#x6628;&#x5929;&#x4f5c;&#x4e1a;.xcodeproj">
            </BuildableReference>
         </BuildActionEntry>
      </BuildActionEntries>
   </BuildAction>
   <TestAction
      selectedDebuggerIdentifier = "Xcode.DebuggerFoundation.Debugger.LLDB"
      selectedLauncherIdentifier = "Xcode.DebuggerFoundation.Launcher.LLDB"
      shouldUseLaunchSchemeArgsEnv = "YES"
      buildConfiguration = "Debug">
      <Testables>
      </Testables>
      <MacroExpansion>
         <BuildableReference
            BuildableIdentifier = "primary"
            BlueprintIdentifier = "BC6940981BE84B4C00E706D0"
            BuildableName = "03-&#x4e0d;&#x53ef;&#x53d8;&#x5b57;&#x5178;&#x7684;&#x5176;&#x4ed6;&#x65b9;&#x6cd5;"
            BlueprintName = "03-&#x4e0d;&#x53ef;&#x53d8;&#x5b57;&#x5178;&#x7684;&#x5176;&#x4ed6;&#x65b9;&#x6cd5;"
            ReferencedContainer = "container:01-&#x6628;&#x5929;&#x4f5c;&#x4e1a;.xcodeproj">
         </BuildableReference>
      </MacroExpansion>
   </TestAction>
   <LaunchAction
      selectedDebuggerIdentifier = "Xcode.DebuggerFoundation.Debugger.LLDB"
      selectedLauncherIdentifier = "Xcode.DebuggerFoundation.Launcher.LLDB"
      launchStyle = "0"
      useCustomWorkingDirectory = "NO"
      buildConfiguration = "Debug"
      ignoresPersistentStateOnLaunch = "NO"
      debugDocumentVersioning = "YES"
      allowLocationSimulation = "YES">
      <BuildableProductRunnable>
         <BuildableReference
            BuildableIdentifier = "primary"
            BlueprintIdentifier = "BC6940981BE84B4C00E706D0"
            BuildableName = "03-&#x4e0d;&#x53ef;&#x53d8;&#x5b57;&#x5178;&#x7684;&#x5176;&#x4ed6;&#x65b9;&#x6cd5;"
            BlueprintName = "03-&#x4e0d;&#x53ef;&#x53d8;&#x5b57;&#x5178;&#x7684;&#x5176;&#x4ed6;&#x65b9;&#x6cd5;"
            ReferencedContainer = "container:01-&#x6628;&#x5929;&#x4f5c;&#x4e1a;.xcodeproj">
         </BuildableReference>
      </BuildableProductRunnable>
      <AdditionalOptions>
      </AdditionalOptions>
   </LaunchAction>
   <ProfileAction
      shouldUseLaunchSchemeArgsEnv = "YES"
      savedToolIdentifier = ""
      useCustomWorkingDirectory = "NO"
      buildConfiguration = "Release"
      debugDocumentVersioning = "YES">
      <BuildableProductRunnable>
         <BuildableReference
            BuildableIdentifier = "primary"
            BlueprintIdentifier = "BC6940981BE84B4C00E706D0"
            BuildableName = "03-&#x4e0d;&#x53ef;&#x53d8;&#x5b57;&#x5178;&#x7684;&#x5176;&#x4ed6;&#x65b9;&#x6cd5;"
            BlueprintName = "03-&#x4e0d;&#x53ef;&#x53d8;&#x5b57;&#x5178;&#x7684;&#x5176;&#x4ed6;&#x65b9;&#x6cd5;"
            ReferencedContainer = "container:01-&#x6628;&#x5929;&#x4f5c;&#x4e1a;.xcodeproj">
         </BuildableReference>
      </BuildableProductRunnable>
   </ProfileAction>
   <AnalyzeAction
      buildConfiguration = "Debug">
   </AnalyzeAction>
   <ArchiveAction
      buildConfiguration = "Release"
      revealArchiveInOrganizer = "YES">
   </ArchiveAction>
</Scheme>
