// !$*UTF8*$!
{
	archiveVersion = 1;
	classes = {
	};
	objectVersion = 46;
	objects = {

/* Begin PBXBuildFile section */
		BC8F028E1BF0286F005B2DD1 /* Foundation.framework in Frameworks */ = {isa = PBXBuildFile; fileRef = BC8F028D1BF0286F005B2DD1 /* Foundation.framework */; };
		BC8F02911BF0286F005B2DD1 /* main.m in Sources */ = {isa = PBXBuildFile; fileRef = BC8F02901BF0286F005B2DD1 /* main.m */; };
		BC8F02951BF0286F005B2DD1 /* ___.1 in CopyFiles */ = {isa = PBXBuildFile; fileRef = BC8F02941BF0286F005B2DD1 /* ___.1 */; };
		BC8F029D1BF0288F005B2DD1 /* Card.m in Sources */ = {isa = PBXBuildFile; fileRef = BC8F029C1BF0288F005B2DD1 /* Card.m */; };
		BC8F02A01BF0289C005B2DD1 /* CardBox.m in Sources */ = {isa = PBXBuildFile; fileRef = BC8F029F1BF0289C005B2DD1 /* CardBox.m */; };
		BC8F02A31BF034B9005B2DD1 /* Person.m in Sources */ = {isa = PBXBuildFile; fileRef = BC8F02A21BF034B9005B2DD1 /* Person.m */; };
/* End PBXBuildFile section */

/* Begin PBXCopyFilesBuildPhase section */
		BC8F02881BF0286F005B2DD1 /* CopyFiles */ = {
			isa = PBXCopyFilesBuildPhase;
			buildActionMask = 2147483647;
			dstPath = /usr/share/man/man1/;
			dstSubfolderSpec = 0;
			files = (
				BC8F02951BF0286F005B2DD1 /* ___.1 in CopyFiles */,
			);
			runOnlyForDeploymentPostprocessing = 1;
		};
/* End PBXCopyFilesBuildPhase section */

/* Begin PBXFileReference section */
		BC8F028A1BF0286F005B2DD1 /* 扎金花 */ = {isa = PBXFileReference; explicitFileType = "compiled.mach-o.executable"; includeInIndex = 0; path = "扎金花"; sourceTree = BUILT_PRODUCTS_DIR; };
		BC8F028D1BF0286F005B2DD1 /* Foundation.framework */ = {isa = PBXFileReference; lastKnownFileType = wrapper.framework; name = Foundation.framework; path = System/Library/Frameworks/Foundation.framework; sourceTree = SDKROOT; };
		BC8F02901BF0286F005B2DD1 /* main.m */ = {isa = PBXFileReference; lastKnownFileType = sourcecode.c.objc; path = main.m; sourceTree = "<group>"; };
		BC8F02931BF0286F005B2DD1 /* 扎金花-Prefix.pch */ = {isa = PBXFileReference; lastKnownFileType = sourcecode.c.h; path = "扎金花-Prefix.pch"; sourceTree = "<group>"; };
		BC8F02941BF0286F005B2DD1 /* ___.1 */ = {isa = PBXFileReference; lastKnownFileType = text.man; path = "___.1"; sourceTree = "<group>"; };
		BC8F029B1BF0288F005B2DD1 /* Card.h */ = {isa = PBXFileReference; fileEncoding = 4; lastKnownFileType = sourcecode.c.h; path = Card.h; sourceTree = "<group>"; };
		BC8F029C1BF0288F005B2DD1 /* Card.m */ = {isa = PBXFileReference; fileEncoding = 4; lastKnownFileType = sourcecode.c.objc; path = Card.m; sourceTree = "<group>"; };
		BC8F029E1BF0289C005B2DD1 /* CardBox.h */ = {isa = PBXFileReference; fileEncoding = 4; lastKnownFileType = sourcecode.c.h; path = CardBox.h; sourceTree = "<group>"; };
		BC8F029F1BF0289C005B2DD1 /* CardBox.m */ = {isa = PBXFileReference; fileEncoding = 4; lastKnownFileType = sourcecode.c.objc; path = CardBox.m; sourceTree = "<group>"; };
		BC8F02A11BF034B9005B2DD1 /* Person.h */ = {isa = PBXFileReference; fileEncoding = 4; lastKnownFileType = sourcecode.c.h; path = Person.h; sourceTree = "<group>"; };
		BC8F02A21BF034B9005B2DD1 /* Person.m */ = {isa = PBXFileReference; fileEncoding = 4; lastKnownFileType = sourcecode.c.objc; path = Person.m; sourceTree = "<group>"; };
/* End PBXFileReference section */

/* Begin PBXFrameworksBuildPhase section */
		BC8F02871BF0286F005B2DD1 /* Frameworks */ = {
			isa = PBXFrameworksBuildPhase;
			buildActionMask = 2147483647;
			files = (
				BC8F028E1BF0286F005B2DD1 /* Foundation.framework in Frameworks */,
			);
			runOnlyForDeploymentPostprocessing = 0;
		};
/* End PBXFrameworksBuildPhase section */

/* Begin PBXGroup section */
		BC8F02811BF0286F005B2DD1 = {
			isa = PBXGroup;
			children = (
				BC8F028F1BF0286F005B2DD1 /* 扎金花 */,
				BC8F028C1BF0286F005B2DD1 /* Frameworks */,
				BC8F028B1BF0286F005B2DD1 /* Products */,
			);
			sourceTree = "<group>";
		};
		BC8F028B1BF0286F005B2DD1 /* Products */ = {
			isa = PBXGroup;
			children = (
				BC8F028A1BF0286F005B2DD1 /* 扎金花 */,
			);
			name = Products;
			sourceTree = "<group>";
		};
		BC8F028C1BF0286F005B2DD1 /* Frameworks */ = {
			isa = PBXGroup;
			children = (
				BC8F028D1BF0286F005B2DD1 /* Foundation.framework */,
			);
			name = Frameworks;
			sourceTree = "<group>";
		};
		BC8F028F1BF0286F005B2DD1 /* 扎金花 */ = {
			isa = PBXGroup;
			children = (
				BC8F02901BF0286F005B2DD1 /* main.m */,
				BC8F029B1BF0288F005B2DD1 /* Card.h */,
				BC8F029C1BF0288F005B2DD1 /* Card.m */,
				BC8F029E1BF0289C005B2DD1 /* CardBox.h */,
				BC8F029F1BF0289C005B2DD1 /* CardBox.m */,
				BC8F02A11BF034B9005B2DD1 /* Person.h */,
				BC8F02A21BF034B9005B2DD1 /* Person.m */,
				BC8F02941BF0286F005B2DD1 /* ___.1 */,
				BC8F02921BF0286F005B2DD1 /* Supporting Files */,
			);
			path = "扎金花";
			sourceTree = "<group>";
		};
		BC8F02921BF0286F005B2DD1 /* Supporting Files */ = {
			isa = PBXGroup;
			children = (
				BC8F02931BF0286F005B2DD1 /* 扎金花-Prefix.pch */,
			);
			name = "Supporting Files";
			sourceTree = "<group>";
		};
/* End PBXGroup section */

/* Begin PBXNativeTarget section */
		BC8F02891BF0286F005B2DD1 /* 扎金花 */ = {
			isa = PBXNativeTarget;
			buildConfigurationList = BC8F02981BF0286F005B2DD1 /* Build configuration list for PBXNativeTarget "扎金花" */;
			buildPhases = (
				BC8F02861BF0286F005B2DD1 /* Sources */,
				BC8F02871BF0286F005B2DD1 /* Frameworks */,
				BC8F02881BF0286F005B2DD1 /* CopyFiles */,
			);
			buildRules = (
			);
			dependencies = (
			);
			name = "扎金花";
			productName = "扎金花";
			productReference = BC8F028A1BF0286F005B2DD1 /* 扎金花 */;
			productType = "com.apple.product-type.tool";
		};
/* End PBXNativeTarget section */

/* Begin PBXProject section */
		BC8F02821BF0286F005B2DD1 /* Project object */ = {
			isa = PBXProject;
			attributes = {
				LastUpgradeCheck = 0510;
				ORGANIZATIONNAME = sunck;
			};
			buildConfigurationList = BC8F02851BF0286F005B2DD1 /* Build configuration list for PBXProject "扎金花" */;
			compatibilityVersion = "Xcode 3.2";
			developmentRegion = English;
			hasScannedForEncodings = 0;
			knownRegions = (
				en,
			);
			mainGroup = BC8F02811BF0286F005B2DD1;
			productRefGroup = BC8F028B1BF0286F005B2DD1 /* Products */;
			projectDirPath = "";
			projectRoot = "";
			targets = (
				BC8F02891BF0286F005B2DD1 /* 扎金花 */,
			);
		};
/* End PBXProject section */

/* Begin PBXSourcesBuildPhase section */
		BC8F02861BF0286F005B2DD1 /* Sources */ = {
			isa = PBXSourcesBuildPhase;
			buildActionMask = 2147483647;
			files = (
				BC8F02911BF0286F005B2DD1 /* main.m in Sources */,
				BC8F029D1BF0288F005B2DD1 /* Card.m in Sources */,
				BC8F02A31BF034B9005B2DD1 /* Person.m in Sources */,
				BC8F02A01BF0289C005B2DD1 /* CardBox.m in Sources */,
			);
			runOnlyForDeploymentPostprocessing = 0;
		};
/* End PBXSourcesBuildPhase section */

/* Begin XCBuildConfiguration section */
		BC8F02961BF0286F005B2DD1 /* Debug */ = {
			isa = XCBuildConfiguration;
			buildSettings = {
				ALWAYS_SEARCH_USER_PATHS = NO;
				CLANG_CXX_LANGUAGE_STANDARD = "gnu++0x";
				CLANG_CXX_LIBRARY = "libc++";
				CLANG_ENABLE_MODULES = YES;
				CLANG_ENABLE_OBJC_ARC = YES;
				CLANG_WARN_BOOL_CONVERSION = YES;
				CLANG_WARN_CONSTANT_CONVERSION = YES;
				CLANG_WARN_DIRECT_OBJC_ISA_USAGE = YES_ERROR;
				CLANG_WARN_EMPTY_BODY = YES;
				CLANG_WARN_ENUM_CONVERSION = YES;
				CLANG_WARN_INT_CONVERSION = YES;
				CLANG_WARN_OBJC_ROOT_CLASS = YES_ERROR;
				CLANG_WARN__DUPLICATE_METHOD_MATCH = YES;
				COPY_PHASE_STRIP = NO;
				GCC_C_LANGUAGE_STANDARD = gnu99;
				GCC_DYNAMIC_NO_PIC = NO;
				GCC_ENABLE_OBJC_EXCEPTIONS = YES;
				GCC_OPTIMIZATION_LEVEL = 0;
				GCC_PREPROCESSOR_DEFINITIONS = (
					"DEBUG=1",
					"$(inherited)",
				);
				GCC_SYMBOLS_PRIVATE_EXTERN = NO;
				GCC_WARN_64_TO_32_BIT_CONVERSION = YES;
				GCC_WARN_ABOUT_RETURN_TYPE = YES_ERROR;
				GCC_WARN_UNDECLARED_SELECTOR = YES;
				GCC_WARN_UNINITIALIZED_AUTOS = YES_AGGRESSIVE;
				GCC_WARN_UNUSED_FUNCTION = YES;
				GCC_WARN_UNUSED_VARIABLE = YES;
				MACOSX_DEPLOYMENT_TARGET = 10.9;
				ONLY_ACTIVE_ARCH = YES;
				SDKROOT = macosx;
			};
			name = Debug;
		};
		BC8F02971BF0286F005B2DD1 /* Release */ = {
			isa = XCBuildConfiguration;
			buildSettings = {
				ALWAYS_SEARCH_USER_PATHS = NO;
				CLANG_CXX_LANGUAGE_STANDARD = "gnu++0x";
				CLANG_CXX_LIBRARY = "libc++";
				CLANG_ENABLE_MODULES = YES;
				CLANG_ENABLE_OBJC_ARC = YES;
				CLANG_WARN_BOOL_CONVERSION = YES;
				CLANG_WARN_CONSTANT_CONVERSION = YES;
				CLANG_WARN_DIRECT_OBJC_ISA_USAGE = YES_ERROR;
				CLANG_WARN_EMPTY_BODY = YES;
				CLANG_WARN_ENUM_CONVERSION = YES;
				CLANG_WARN_INT_CONVERSION = YES;
				CLANG_WARN_OBJC_ROOT_CLASS = YES_ERROR;
				CLANG_WARN__DUPLICATE_METHOD_MATCH = YES;
				COPY_PHASE_STRIP = YES;
				DEBUG_INFORMATION_FORMAT = "dwarf-with-dsym";
				ENABLE_NS_ASSERTIONS = NO;
				GCC_C_LANGUAGE_STANDARD = gnu99;
				GCC_ENABLE_OBJC_EXCEPTIONS = YES;
				GCC_WARN_64_TO_32_BIT_CONVERSION = YES;
				GCC_WARN_ABOUT_RETURN_TYPE = YES_ERROR;
				GCC_WARN_UNDECLARED_SELECTOR = YES;
				GCC_WARN_UNINITIALIZED_AUTOS = YES_AGGRESSIVE;
				GCC_WARN_UNUSED_FUNCTION = YES;
				GCC_WARN_UNUSED_VARIABLE = YES;
				MACOSX_DEPLOYMENT_TARGET = 10.9;
				SDKROOT = macosx;
			};
			name = Release;
		};
		BC8F02991BF0286F005B2DD1 /* Debug */ = {
			isa = XCBuildConfiguration;
			buildSettings = {
				GCC_PRECOMPILE_PREFIX_HEADER = YES;
				GCC_PREFIX_HEADER = "扎金花/扎金花-Prefix.pch";
				PRODUCT_NAME = "$(TARGET_NAME)";
			};
			name = Debug;
		};
		BC8F029A1BF0286F005B2DD1 /* Release */ = {
			isa = XCBuildConfiguration;
			buildSettings = {
				GCC_PRECOMPILE_PREFIX_HEADER = YES;
				GCC_PREFIX_HEADER = "扎金花/扎金花-Prefix.pch";
				PRODUCT_NAME = "$(TARGET_NAME)";
			};
			name = Release;
		};
/* End XCBuildConfiguration section */

/* Begin XCConfigurationList section */
		BC8F02851BF0286F005B2DD1 /* Build configuration list for PBXProject "扎金花" */ = {
			isa = XCConfigurationList;
			buildConfigurations = (
				BC8F02961BF0286F005B2DD1 /* Debug */,
				BC8F02971BF0286F005B2DD1 /* Release */,
			);
			defaultConfigurationIsVisible = 0;
			defaultConfigurationName = Release;
		};
		BC8F02981BF0286F005B2DD1 /* Build configuration list for PBXNativeTarget "扎金花" */ = {
			isa = XCConfigurationList;
			buildConfigurations = (
				BC8F02991BF0286F005B2DD1 /* Debug */,
				BC8F029A1BF0286F005B2DD1 /* Release */,
			);
			defaultConfigurationIsVisible = 0;
		};
/* End XCConfigurationList section */
	};
	rootObject = BC8F02821BF0286F005B2DD1 /* Project object */;
}
